
Microsoft Visual Studio Solution File, Format Version 12.00
# Visual Studio 15
VisualStudioVersion = 15.0.28307.329
MinimumVisualStudioVersion = 10.0.40219.1
Project("{FAE04EC0-301F-11D3-BF4B-00C04F79EFBC}") = "my_first_web_app", "my_first_web_app\my_first_web_app.csproj", "{68514562-6B04-4579-B26A-BB41E2ABC176}"
EndProject
Global
	GlobalSection(SolutionConfigurationPlatforms) = preSolution
		Debug|Any CPU = Debug|Any CPU
		Release|Any CPU = Release|Any CPU
	EndGlobalSection
	GlobalSection(ProjectConfigurationPlatforms) = postSolution
		{68514562-6B04-4579-B26A-BB41E2ABC176}.Debug|Any CPU.ActiveCfg = Debug|Any CPU
		{68514562-6B04-4579-B26A-BB41E2ABC176}.Debug|Any CPU.Build.0 = Debug|Any CPU
		{68514562-6B04-4579-B26A-BB41E2ABC176}.Release|Any CPU.ActiveCfg = Release|Any CPU
		{68514562-6B04-4579-B26A-BB41E2ABC176}.Release|Any CPU.Build.0 = Release|Any CPU
	EndGlobalSection
	GlobalSection(SolutionProperties) = preSolution
		HideSolutionNode = FALSE
	EndGlobalSection
	GlobalSection(ExtensibilityGlobals) = postSolution
		SolutionGuid = {B2782305-C610-4221-90D1-8A61DC0FA93F}
	EndGlobalSection
EndGlobal
